
Microsoft Visual Studio Solution File, Format Version 12.00
# Visual Studio Version 16
VisualStudioVersion = 16.0.31613.86
MinimumVisualStudioVersion = 10.0.40219.1
Project("{FAE04EC0-301F-11D3-BF4B-00C04F79EFBC}") = "Name Scraper", "Name Scraper\Name Scraper.csproj", "{59931271-C7C2-42B3-9B6A-3DB5FA6BF4E5}"
EndProject
Global
	GlobalSection(SolutionConfigurationPlatforms) = preSolution
		Debug|Any CPU = Debug|Any CPU
		Release|Any CPU = Release|Any CPU
	EndGlobalSection
	GlobalSection(ProjectConfigurationPlatforms) = postSolution
		{59931271-C7C2-42B3-9B6A-3DB5FA6BF4E5}.Debug|Any CPU.ActiveCfg = Debug|Any CPU
		{59931271-C7C2-42B3-9B6A-3DB5FA6BF4E5}.Debug|Any CPU.Build.0 = Debug|Any CPU
		{59931271-C7C2-42B3-9B6A-3DB5FA6BF4E5}.Release|Any CPU.ActiveCfg = Release|Any CPU
		{59931271-C7C2-42B3-9B6A-3DB5FA6BF4E5}.Release|Any CPU.Build.0 = Release|Any CPU
	EndGlobalSection
	GlobalSection(SolutionProperties) = preSolution
		HideSolutionNode = FALSE
	EndGlobalSection
	GlobalSection(ExtensibilityGlobals) = postSolution
		SolutionGuid = {C3510FC6-4F01-44F1-87D6-E489C291ADC7}
	EndGlobalSection
EndGlobal
